
Microsoft Visual Studio Solution File, Format Version 12.00
# Visual Studio 15
Project("{FAE04EC0-301F-11D3-BF4B-00C04F79EFBC}") = "Cwiczenia1", "Cwiczenia1\Cwiczenia1.csproj", "{C9751EC2-2A42-4CEA-8C1C-62280D307E6A}"
EndProject
Global
	GlobalSection(SolutionConfigurationPlatforms) = preSolution
		Debug|Any CPU = Debug|Any CPU
		Release|Any CPU = Release|Any CPU
	EndGlobalSection
	GlobalSection(ProjectConfigurationPlatforms) = postSolution
		{C9751EC2-2A42-4CEA-8C1C-62280D307E6A}.Debug|Any CPU.ActiveCfg = Debug|Any CPU
		{C9751EC2-2A42-4CEA-8C1C-62280D307E6A}.Debug|Any CPU.Build.0 = Debug|Any CPU
		{C9751EC2-2A42-4CEA-8C1C-62280D307E6A}.Release|Any CPU.ActiveCfg = Release|Any CPU
		{C9751EC2-2A42-4CEA-8C1C-62280D307E6A}.Release|Any CPU.Build.0 = Release|Any CPU
	EndGlobalSection
EndGlobal
